
Microsoft Visual Studio Solution File, Format Version 12.00
# Visual Studio Version 16
VisualStudioVersion = 16.0.30309.148
MinimumVisualStudioVersion = 10.0.40219.1
Project("{FAE04EC0-301F-11D3-BF4B-00C04F79EFBC}") = "Part 10 - Adding Forms", "Part 10 - Adding Forms.csproj", "{73DCA79C-1456-40C0-9BC3-BD04681F822E}"
EndProject
Global
	GlobalSection(SolutionConfigurationPlatforms) = preSolution
		Debug|Any CPU = Debug|Any CPU
		Release|Any CPU = Release|Any CPU
	EndGlobalSection
	GlobalSection(ProjectConfigurationPlatforms) = postSolution
		{73DCA79C-1456-40C0-9BC3-BD04681F822E}.Debug|Any CPU.ActiveCfg = Debug|Any CPU
		{73DCA79C-1456-40C0-9BC3-BD04681F822E}.Debug|Any CPU.Build.0 = Debug|Any CPU
		{73DCA79C-1456-40C0-9BC3-BD04681F822E}.Release|Any CPU.ActiveCfg = Release|Any CPU
		{73DCA79C-1456-40C0-9BC3-BD04681F822E}.Release|Any CPU.Build.0 = Release|Any CPU
	EndGlobalSection
	GlobalSection(SolutionProperties) = preSolution
		HideSolutionNode = FALSE
	EndGlobalSection
	GlobalSection(ExtensibilityGlobals) = postSolution
		SolutionGuid = {8DFE6346-BA31-4CD8-B1D5-0E5EF009C7C3}
	EndGlobalSection
EndGlobal
